# This file is automatically @generated by Wally.
# It is not intended for manual editing.
registry = "test"

[[package]]
name = "chriscerie/roact-spring"
version = "1.1.6"
dependencies = [["Promise", "evaera/promise@4.0.0"], ["React", "roblox/roact@1.4.4"], ["TestEZ", "roblox/testez@0.4.1"]]

[[package]]
name = "evaera/cmdr"
version = "1.12.0"
dependencies = []

[[package]]
name = "evaera/promise"
version = "4.0.0"
dependencies = []

[[package]]
name = "kampfkarren/roact-hooks"
version = "0.3.0"
dependencies = []

[[package]]
name = "roblox/roact"
version = "1.4.4"
dependencies = []

[[package]]
name = "roblox/roact-rodux"
version = "0.3.0"
dependencies = [["Roact", "roblox/roact@1.4.4"], ["Rodux", "roblox/rodux@3.0.0"]]

[[package]]
name = "roblox/rodux"
version = "3.0.0"
dependencies = []

[[package]]
name = "roblox/testez"
version = "0.4.1"
dependencies = []

[[package]]
name = "sleitnick/comm"
version = "1.0.1"
dependencies = [["Option", "sleitnick/option@1.0.5"], ["Promise", "evaera/promise@4.0.0"], ["Signal", "sleitnick/signal@2.0.1"]]

[[package]]
name = "sleitnick/input"
version = "2.3.0"
dependencies = [["Signal", "sleitnick/signal@2.0.1"], ["Trove", "sleitnick/trove@1.4.0"]]

[[package]]
name = "sleitnick/knit"
version = "1.7.0"
dependencies = [["Comm", "sleitnick/comm@1.0.1"], ["Promise", "evaera/promise@4.0.0"]]

[[package]]
name = "sleitnick/option"
version = "1.0.5"
dependencies = []

[[package]]
name = "sleitnick/shake"
version = "1.1.0"
dependencies = []

[[package]]
name = "sleitnick/signal"
version = "1.5.0"
dependencies = []

[[package]]
name = "sleitnick/signal"
version = "2.0.1"
dependencies = []

[[package]]
name = "sleitnick/timer"
version = "1.1.2"
dependencies = [["Signal", "sleitnick/signal@1.5.0"]]

[[package]]
name = "sleitnick/trove"
version = "1.4.0"
dependencies = []

[[package]]
name = "solarhorizon/rodux-hooks"
version = "0.3.1"
dependencies = [["Roact", "roblox/roact@1.4.4"]]

[[package]]
name = "yoannrompion/animationmodule"
version = "0.1.0"
dependencies = [["Input", "sleitnick/input@2.3.0"], ["Knit", "sleitnick/knit@1.7.0"], ["Roact", "roblox/roact@1.4.4"], ["Shake", "sleitnick/shake@1.1.0"], ["Signal", "sleitnick/signal@2.0.1"], ["Timer", "sleitnick/timer@1.1.2"], ["Trove", "sleitnick/trove@1.4.0"], ["cmdr", "evaera/cmdr@1.12.0"], ["hooks", "kampfkarren/roact-hooks@0.3.0"], ["roactRodux", "roblox/roact-rodux@0.3.0"], ["roactSpring", "chriscerie/roact-spring@1.1.6"], ["rodux", "roblox/rodux@3.0.0"], ["roduxhooks", "solarhorizon/rodux-hooks@0.3.1"]]
